
Microsoft Visual Studio Solution File, Format Version 12.00
# Visual Studio Version 17
VisualStudioVersion = 17.3.32819.101
MinimumVisualStudioVersion = 10.0.40219.1
Project("{FAE04EC0-301F-11D3-BF4B-00C04F79EFBC}") = "Portafolio", "Portafolio\Portafolio.csproj", "{034E8CC4-4945-4E16-8F57-EC9C57A19026}"
EndProject
Global
	GlobalSection(SolutionConfigurationPlatforms) = preSolution
		Debug|Any CPU = Debug|Any CPU
		Release|Any CPU = Release|Any CPU
	EndGlobalSection
	GlobalSection(ProjectConfigurationPlatforms) = postSolution
		{034E8CC4-4945-4E16-8F57-EC9C57A19026}.Debug|Any CPU.ActiveCfg = Debug|Any CPU
		{034E8CC4-4945-4E16-8F57-EC9C57A19026}.Debug|Any CPU.Build.0 = Debug|Any CPU
		{034E8CC4-4945-4E16-8F57-EC9C57A19026}.Release|Any CPU.ActiveCfg = Release|Any CPU
		{034E8CC4-4945-4E16-8F57-EC9C57A19026}.Release|Any CPU.Build.0 = Release|Any CPU
	EndGlobalSection
	GlobalSection(SolutionProperties) = preSolution
		HideSolutionNode = FALSE
	EndGlobalSection
	GlobalSection(ExtensibilityGlobals) = postSolution
		SolutionGuid = {138C8F56-A907-46F1-B3FC-B1B095AE3BF5}
	EndGlobalSection
EndGlobal
